
Microsoft Visual Studio Solution File, Format Version 12.00
# Visual Studio Version 17
VisualStudioVersion = 17.3.32929.385
MinimumVisualStudioVersion = 10.0.40219.1
Project("{FAE04EC0-301F-11D3-BF4B-00C04F79EFBC}") = "Image_work_lab", "Image_work_lab.csproj", "{5AA5FCF7-A844-4AAD-A7A0-DF85618824CC}"
EndProject
Global
	GlobalSection(SolutionConfigurationPlatforms) = preSolution
		Debug|Any CPU = Debug|Any CPU
		Release|Any CPU = Release|Any CPU
	EndGlobalSection
	GlobalSection(ProjectConfigurationPlatforms) = postSolution
		{5AA5FCF7-A844-4AAD-A7A0-DF85618824CC}.Debug|Any CPU.ActiveCfg = Debug|Any CPU
		{5AA5FCF7-A844-4AAD-A7A0-DF85618824CC}.Debug|Any CPU.Build.0 = Debug|Any CPU
		{5AA5FCF7-A844-4AAD-A7A0-DF85618824CC}.Release|Any CPU.ActiveCfg = Release|Any CPU
		{5AA5FCF7-A844-4AAD-A7A0-DF85618824CC}.Release|Any CPU.Build.0 = Release|Any CPU
	EndGlobalSection
	GlobalSection(SolutionProperties) = preSolution
		HideSolutionNode = FALSE
	EndGlobalSection
	GlobalSection(ExtensibilityGlobals) = postSolution
		SolutionGuid = {4D595C23-D498-4356-B032-F542D154C544}
	EndGlobalSection
EndGlobal
